
Microsoft Visual Studio Solution File, Format Version 12.00
# Visual Studio Version 16
VisualStudioVersion = 16.0.29926.136
MinimumVisualStudioVersion = 10.0.40219.1
Project("{FAE04EC0-301F-11D3-BF4B-00C04F79EFBC}") = "Test.App", "Test.App\Test.App.csproj", "{A18024E5-30A7-4B75-B93B-D13FA93D3581}"
EndProject
Project("{FAE04EC0-301F-11D3-BF4B-00C04F79EFBC}") = "Test.Business", "Test.Business\Test.Business.csproj", "{906AEB91-EB77-4295-8C6E-326B06F91C33}"
EndProject
Project("{FAE04EC0-301F-11D3-BF4B-00C04F79EFBC}") = "Test.Data", "Test.Data\Test.Data.csproj", "{CE9F0EF9-32DC-4352-BD80-AE17A8430427}"
EndProject
Global
	GlobalSection(SolutionConfigurationPlatforms) = preSolution
		Debug|Any CPU = Debug|Any CPU
		Release|Any CPU = Release|Any CPU
	EndGlobalSection
	GlobalSection(ProjectConfigurationPlatforms) = postSolution
		{A18024E5-30A7-4B75-B93B-D13FA93D3581}.Debug|Any CPU.ActiveCfg = Debug|Any CPU
		{A18024E5-30A7-4B75-B93B-D13FA93D3581}.Debug|Any CPU.Build.0 = Debug|Any CPU
		{A18024E5-30A7-4B75-B93B-D13FA93D3581}.Release|Any CPU.ActiveCfg = Release|Any CPU
		{A18024E5-30A7-4B75-B93B-D13FA93D3581}.Release|Any CPU.Build.0 = Release|Any CPU
		{906AEB91-EB77-4295-8C6E-326B06F91C33}.Debug|Any CPU.ActiveCfg = Debug|Any CPU
		{906AEB91-EB77-4295-8C6E-326B06F91C33}.Debug|Any CPU.Build.0 = Debug|Any CPU
		{906AEB91-EB77-4295-8C6E-326B06F91C33}.Release|Any CPU.ActiveCfg = Release|Any CPU
		{906AEB91-EB77-4295-8C6E-326B06F91C33}.Release|Any CPU.Build.0 = Release|Any CPU
		{CE9F0EF9-32DC-4352-BD80-AE17A8430427}.Debug|Any CPU.ActiveCfg = Debug|Any CPU
		{CE9F0EF9-32DC-4352-BD80-AE17A8430427}.Debug|Any CPU.Build.0 = Debug|Any CPU
		{CE9F0EF9-32DC-4352-BD80-AE17A8430427}.Release|Any CPU.ActiveCfg = Release|Any CPU
		{CE9F0EF9-32DC-4352-BD80-AE17A8430427}.Release|Any CPU.Build.0 = Release|Any CPU
	EndGlobalSection
	GlobalSection(SolutionProperties) = preSolution
		HideSolutionNode = FALSE
	EndGlobalSection
	GlobalSection(ExtensibilityGlobals) = postSolution
		SolutionGuid = {EB6AEC87-2D65-4552-B27A-7BB5EABBD202}
	EndGlobalSection
EndGlobal
